
Microsoft Visual Studio Solution File, Format Version 12.00
# Visual Studio Version 16
VisualStudioVersion = 16.0.29215.179
MinimumVisualStudioVersion = 10.0.40219.1
Project("{FAE04EC0-301F-11D3-BF4B-00C04F79EFBC}") = "Pacman", "Pacman\Pacman.csproj", "{BED8150A-8B06-47EA-9A1F-BAA071E4C028}"
EndProject
Global
	GlobalSection(SolutionConfigurationPlatforms) = preSolution
		Debug|Any CPU = Debug|Any CPU
		Release|Any CPU = Release|Any CPU
	EndGlobalSection
	GlobalSection(ProjectConfigurationPlatforms) = postSolution
		{BED8150A-8B06-47EA-9A1F-BAA071E4C028}.Debug|Any CPU.ActiveCfg = Debug|Any CPU
		{BED8150A-8B06-47EA-9A1F-BAA071E4C028}.Debug|Any CPU.Build.0 = Debug|Any CPU
		{BED8150A-8B06-47EA-9A1F-BAA071E4C028}.Release|Any CPU.ActiveCfg = Release|Any CPU
		{BED8150A-8B06-47EA-9A1F-BAA071E4C028}.Release|Any CPU.Build.0 = Release|Any CPU
	EndGlobalSection
	GlobalSection(SolutionProperties) = preSolution
		HideSolutionNode = FALSE
	EndGlobalSection
	GlobalSection(ExtensibilityGlobals) = postSolution
		SolutionGuid = {7F6B54BF-9DF2-4E81-AA25-F08EE9A0304C}
	EndGlobalSection
EndGlobal
